
Microsoft Visual Studio Solution File, Format Version 12.00
# Visual Studio Version 17
VisualStudioVersion = 17.3.32825.248
MinimumVisualStudioVersion = 10.0.40219.1
Project("{E24C65DC-7377-472B-9ABA-BC803B73C61A}") = "FreshGarden", ".", "{A422A30A-9CC2-4BD1-98BD-7F6E9848B27B}"
	ProjectSection(WebsiteProperties) = preProject
		TargetFrameworkMoniker = ".NETFramework,Version%3Dv4.0"
		Debug.AspNetCompiler.VirtualPath = "/localhost_59921"
		Debug.AspNetCompiler.PhysicalPath = "..\FreshGarden\"
		Debug.AspNetCompiler.TargetPath = "PrecompiledWeb\localhost_59921\"
		Debug.AspNetCompiler.Updateable = "true"
		Debug.AspNetCompiler.ForceOverwrite = "true"
		Debug.AspNetCompiler.FixedNames = "false"
		Debug.AspNetCompiler.Debug = "True"
		Release.AspNetCompiler.VirtualPath = "/localhost_59921"
		Release.AspNetCompiler.PhysicalPath = "..\FreshGarden\"
		Release.AspNetCompiler.TargetPath = "PrecompiledWeb\localhost_59921\"
		Release.AspNetCompiler.Updateable = "true"
		Release.AspNetCompiler.ForceOverwrite = "true"
		Release.AspNetCompiler.FixedNames = "false"
		Release.AspNetCompiler.Debug = "False"
		VWDPort = "59921"
		SlnRelativePath = "..\FreshGarden\"
	EndProjectSection
EndProject
Global
	GlobalSection(SolutionConfigurationPlatforms) = preSolution
		Debug|Any CPU = Debug|Any CPU
	EndGlobalSection
	GlobalSection(ProjectConfigurationPlatforms) = postSolution
		{A422A30A-9CC2-4BD1-98BD-7F6E9848B27B}.Debug|Any CPU.ActiveCfg = Debug|Any CPU
		{A422A30A-9CC2-4BD1-98BD-7F6E9848B27B}.Debug|Any CPU.Build.0 = Debug|Any CPU
	EndGlobalSection
	GlobalSection(SolutionProperties) = preSolution
		HideSolutionNode = FALSE
	EndGlobalSection
	GlobalSection(ExtensibilityGlobals) = postSolution
		SolutionGuid = {752A5BE8-BD5D-4748-8991-A4A570F0BDAB}
	EndGlobalSection
EndGlobal
